// !$*UTF8*$!
{
	archiveVersion = 1;
	classes = {
	};
	objectVersion = 50;
	objects = {

/* Begin PBXBuildFile section */
		7B159A7220A37B8300BA5740 /* AppDelegate.swift in Sources */ = {isa = PBXBuildFile; fileRef = 7B159A6F20A37B8200BA5740 /* AppDelegate.swift */; };
		7B159A7320A37B8300BA5740 /* Assets.xcassets in Resources */ = {isa = PBXBuildFile; fileRef = 7B159A7020A37B8200BA5740 /* Assets.xcassets */; };
		7B159A7420A37B8300BA5740 /* AudiobookController.swift in Sources */ = {isa = PBXBuildFile; fileRef = 7B159A7120A37B8300BA5740 /* AudiobookController.swift */; };
		7B159A7620A37B9400BA5740 /* ViewController.swift in Sources */ = {isa = PBXBuildFile; fileRef = 7B159A7520A37B9400BA5740 /* ViewController.swift */; };
		7B159A7920A37BFA00BA5740 /* LaunchScreen.storyboard in Resources */ = {isa = PBXBuildFile; fileRef = 7B159A7720A37BFA00BA5740 /* LaunchScreen.storyboard */; };
		7B159A7C20A37BFF00BA5740 /* Main.storyboard in Resources */ = {isa = PBXBuildFile; fileRef = 7B159A7A20A37BFE00BA5740 /* Main.storyboard */; };
		7B5FC63F20A4AE3E0075BDC7 /* AudioEngine.framework in Frameworks */ = {isa = PBXBuildFile; fileRef = 7B5FC63A20A4AE3E0075BDC7 /* AudioEngine.framework */; };
		7B5FC64020A4AE3E0075BDC7 /* AudioEngine.framework in Embed Frameworks */ = {isa = PBXBuildFile; fileRef = 7B5FC63A20A4AE3E0075BDC7 /* AudioEngine.framework */; settings = {ATTRIBUTES = (CodeSignOnCopy, RemoveHeadersOnCopy, ); }; };
		7B5FC64220A4AE4B0075BDC7 /* PureLayout.framework in Frameworks */ = {isa = PBXBuildFile; fileRef = 7B5FC64120A4AE4A0075BDC7 /* PureLayout.framework */; };
		7B5FC64320A4AE4B0075BDC7 /* PureLayout.framework in Embed Frameworks */ = {isa = PBXBuildFile; fileRef = 7B5FC64120A4AE4A0075BDC7 /* PureLayout.framework */; settings = {ATTRIBUTES = (CodeSignOnCopy, RemoveHeadersOnCopy, ); }; };
		7B5FC69920A4E87C0075BDC7 /* ObjCTest.m in Sources */ = {isa = PBXBuildFile; fileRef = 7B5FC69820A4E87C0075BDC7 /* ObjCTest.m */; };
		7BA55A9220A377E600712CAC /* NYPLAudiobookToolkit.framework in Frameworks */ = {isa = PBXBuildFile; fileRef = 7BA55A8520A3777400712CAC /* NYPLAudiobookToolkit.framework */; };
		7BA55A9320A377E600712CAC /* NYPLAudiobookToolkit.framework in Embed Frameworks */ = {isa = PBXBuildFile; fileRef = 7BA55A8520A3777400712CAC /* NYPLAudiobookToolkit.framework */; settings = {ATTRIBUTES = (CodeSignOnCopy, RemoveHeadersOnCopy, ); }; };
		7BA55A9720A377ED00712CAC /* NYPLAEToolkit.framework in Frameworks */ = {isa = PBXBuildFile; fileRef = 7BA55A7B20A3776E00712CAC /* NYPLAEToolkit.framework */; };
		7BA55A9820A377ED00712CAC /* NYPLAEToolkit.framework in Embed Frameworks */ = {isa = PBXBuildFile; fileRef = 7BA55A7B20A3776E00712CAC /* NYPLAEToolkit.framework */; settings = {ATTRIBUTES = (CodeSignOnCopy, RemoveHeadersOnCopy, ); }; };
/* End PBXBuildFile section */

/* Begin PBXContainerItemProxy section */
		7BA55A7A20A3776E00712CAC /* PBXContainerItemProxy */ = {
			isa = PBXContainerItemProxy;
			containerPortal = 7BA55A7620A3776E00712CAC /* NYPLAEToolkit.xcodeproj */;
			proxyType = 2;
			remoteGlobalIDString = 7BB4E7D120A0E1D1002E1360;
			remoteInfo = NYPLAEToolkit;
		};
		7BA55A8420A3777400712CAC /* PBXContainerItemProxy */ = {
			isa = PBXContainerItemProxy;
			containerPortal = 7BA55A7C20A3777400712CAC /* NYPLAudiobookToolkit.xcodeproj */;
			proxyType = 2;
			remoteGlobalIDString = 7B54418C200EA7C20047B6C6;
			remoteInfo = NYPLAudiobookToolkit;
		};
		7BA55A8620A3777400712CAC /* PBXContainerItemProxy */ = {
			isa = PBXContainerItemProxy;
			containerPortal = 7BA55A7C20A3777400712CAC /* NYPLAudiobookToolkit.xcodeproj */;
			proxyType = 2;
			remoteGlobalIDString = 7B544195200EA7C20047B6C6;
			remoteInfo = NYPLAudiobookToolkitTests;
		};
		7BA55A8820A3777400712CAC /* PBXContainerItemProxy */ = {
			isa = PBXContainerItemProxy;
			containerPortal = 7BA55A7C20A3777400712CAC /* NYPLAudiobookToolkit.xcodeproj */;
			proxyType = 2;
			remoteGlobalIDString = 7B5441AA200EA7E30047B6C6;
			remoteInfo = NYPLAudiobookToolkitDemoApp;
		};
		7BA55A8A20A3777400712CAC /* PBXContainerItemProxy */ = {
			isa = PBXContainerItemProxy;
			containerPortal = 7BA55A7C20A3777400712CAC /* NYPLAudiobookToolkit.xcodeproj */;
			proxyType = 2;
			remoteGlobalIDString = 7B5441BD200EA7E40047B6C6;
			remoteInfo = NYPLAudiobookToolkitDemoAppTests;
		};
		7BA55A8C20A3777400712CAC /* PBXContainerItemProxy */ = {
			isa = PBXContainerItemProxy;
			containerPortal = 7BA55A7C20A3777400712CAC /* NYPLAudiobookToolkit.xcodeproj */;
			proxyType = 2;
			remoteGlobalIDString = 7B5441C8200EA7E40047B6C6;
			remoteInfo = NYPLAudiobookToolkitDemoAppUITests;
		};
		7BA55A8E20A377CD00712CAC /* PBXContainerItemProxy */ = {
			isa = PBXContainerItemProxy;
			containerPortal = 7BA55A7C20A3777400712CAC /* NYPLAudiobookToolkit.xcodeproj */;
			proxyType = 1;
			remoteGlobalIDString = 7B54418B200EA7C20047B6C6;
			remoteInfo = NYPLAudiobookToolkit;
		};
		7BA55A9020A377D100712CAC /* PBXContainerItemProxy */ = {
			isa = PBXContainerItemProxy;
			containerPortal = 7BA55A7620A3776E00712CAC /* NYPLAEToolkit.xcodeproj */;
			proxyType = 1;
			remoteGlobalIDString = 7BB4E7D020A0E1D1002E1360;
			remoteInfo = NYPLAEToolkit;
		};
		7BA55A9420A377E600712CAC /* PBXContainerItemProxy */ = {
			isa = PBXContainerItemProxy;
			containerPortal = 7BA55A7C20A3777400712CAC /* NYPLAudiobookToolkit.xcodeproj */;
			proxyType = 1;
			remoteGlobalIDString = 7B54418B200EA7C20047B6C6;
			remoteInfo = NYPLAudiobookToolkit;
		};
		7BA55A9920A377ED00712CAC /* PBXContainerItemProxy */ = {
			isa = PBXContainerItemProxy;
			containerPortal = 7BA55A7620A3776E00712CAC /* NYPLAEToolkit.xcodeproj */;
			proxyType = 1;
			remoteGlobalIDString = 7BB4E7D020A0E1D1002E1360;
			remoteInfo = NYPLAEToolkit;
		};
/* End PBXContainerItemProxy section */

/* Begin PBXCopyFilesBuildPhase section */
		7BA55A9620A377E700712CAC /* Embed Frameworks */ = {
			isa = PBXCopyFilesBuildPhase;
			buildActionMask = 2147483647;
			dstPath = "";
			dstSubfolderSpec = 10;
			files = (
				7BA55A9820A377ED00712CAC /* NYPLAEToolkit.framework in Embed Frameworks */,
				7BA55A9320A377E600712CAC /* NYPLAudiobookToolkit.framework in Embed Frameworks */,
				7B5FC64320A4AE4B0075BDC7 /* PureLayout.framework in Embed Frameworks */,
				7B5FC64020A4AE3E0075BDC7 /* AudioEngine.framework in Embed Frameworks */,
			);
			name = "Embed Frameworks";
			runOnlyForDeploymentPostprocessing = 0;
		};
/* End PBXCopyFilesBuildPhase section */

/* Begin PBXFileReference section */
		7B159A6E20A37B8100BA5740 /* NYPLAudiobookDemoApp-Bridging-Header.h */ = {isa = PBXFileReference; lastKnownFileType = sourcecode.c.h; path = "NYPLAudiobookDemoApp-Bridging-Header.h"; sourceTree = "<group>"; };
		7B159A6F20A37B8200BA5740 /* AppDelegate.swift */ = {isa = PBXFileReference; fileEncoding = 4; lastKnownFileType = sourcecode.swift; path = AppDelegate.swift; sourceTree = "<group>"; };
		7B159A7020A37B8200BA5740 /* Assets.xcassets */ = {isa = PBXFileReference; lastKnownFileType = folder.assetcatalog; path = Assets.xcassets; sourceTree = "<group>"; };
		7B159A7120A37B8300BA5740 /* AudiobookController.swift */ = {isa = PBXFileReference; fileEncoding = 4; lastKnownFileType = sourcecode.swift; path = AudiobookController.swift; sourceTree = "<group>"; };
		7B159A7520A37B9400BA5740 /* ViewController.swift */ = {isa = PBXFileReference; fileEncoding = 4; lastKnownFileType = sourcecode.swift; path = ViewController.swift; sourceTree = "<group>"; };
		7B159A7820A37BFA00BA5740 /* Base */ = {isa = PBXFileReference; lastKnownFileType = file.storyboard; name = Base; path = Base.lproj/LaunchScreen.storyboard; sourceTree = "<group>"; };
		7B159A7B20A37BFE00BA5740 /* Base */ = {isa = PBXFileReference; lastKnownFileType = file.storyboard; name = Base; path = Base.lproj/Main.storyboard; sourceTree = "<group>"; };
		7B5FC63A20A4AE3E0075BDC7 /* AudioEngine.framework */ = {isa = PBXFileReference; lastKnownFileType = wrapper.framework; name = AudioEngine.framework; path = NYPLAEToolkit/Carthage/Build/iOS/AudioEngine.framework; sourceTree = "<group>"; };
		7B5FC64120A4AE4A0075BDC7 /* PureLayout.framework */ = {isa = PBXFileReference; lastKnownFileType = wrapper.framework; name = PureLayout.framework; path = NYPLAEToolkit/Carthage/Build/iOS/PureLayout.framework; sourceTree = "<group>"; };
		7B5FC69720A4E87C0075BDC7 /* ObjCTest.h */ = {isa = PBXFileReference; lastKnownFileType = sourcecode.c.h; path = ObjCTest.h; sourceTree = "<group>"; };
		7B5FC69820A4E87C0075BDC7 /* ObjCTest.m */ = {isa = PBXFileReference; lastKnownFileType = sourcecode.c.objc; path = ObjCTest.m; sourceTree = "<group>"; };
		7BA55A4920A3765800712CAC /* NYPLAudiobookDemoApp.app */ = {isa = PBXFileReference; explicitFileType = wrapper.application; includeInIndex = 0; path = NYPLAudiobookDemoApp.app; sourceTree = BUILT_PRODUCTS_DIR; };
		7BA55A5820A3765A00712CAC /* Info.plist */ = {isa = PBXFileReference; lastKnownFileType = text.plist.xml; path = Info.plist; sourceTree = "<group>"; };
		7BA55A7620A3776E00712CAC /* NYPLAEToolkit.xcodeproj */ = {isa = PBXFileReference; lastKnownFileType = "wrapper.pb-project"; name = NYPLAEToolkit.xcodeproj; path = NYPLAEToolkit/NYPLAEToolkit.xcodeproj; sourceTree = "<group>"; };
		7BA55A7C20A3777400712CAC /* NYPLAudiobookToolkit.xcodeproj */ = {isa = PBXFileReference; lastKnownFileType = "wrapper.pb-project"; name = NYPLAudiobookToolkit.xcodeproj; path = NYPLAudiobookToolkit/NYPLAudiobookToolkit.xcodeproj; sourceTree = "<group>"; };
/* End PBXFileReference section */

/* Begin PBXFrameworksBuildPhase section */
		7BA55A4620A3765800712CAC /* Frameworks */ = {
			isa = PBXFrameworksBuildPhase;
			buildActionMask = 2147483647;
			files = (
				7BA55A9720A377ED00712CAC /* NYPLAEToolkit.framework in Frameworks */,
				7BA55A9220A377E600712CAC /* NYPLAudiobookToolkit.framework in Frameworks */,
				7B5FC64220A4AE4B0075BDC7 /* PureLayout.framework in Frameworks */,
				7B5FC63F20A4AE3E0075BDC7 /* AudioEngine.framework in Frameworks */,
			);
			runOnlyForDeploymentPostprocessing = 0;
		};
/* End PBXFrameworksBuildPhase section */

/* Begin PBXGroup section */
		7BA55A4020A3765800712CAC = {
			isa = PBXGroup;
			children = (
				7B5FC64120A4AE4A0075BDC7 /* PureLayout.framework */,
				7B5FC63A20A4AE3E0075BDC7 /* AudioEngine.framework */,
				7BA55A4B20A3765800712CAC /* NYPLAudiobookDemoApp */,
				7BA55A4A20A3765800712CAC /* Products */,
				7BA55A7C20A3777400712CAC /* NYPLAudiobookToolkit.xcodeproj */,
				7BA55A7620A3776E00712CAC /* NYPLAEToolkit.xcodeproj */,
			);
			sourceTree = "<group>";
		};
		7BA55A4A20A3765800712CAC /* Products */ = {
			isa = PBXGroup;
			children = (
				7BA55A4920A3765800712CAC /* NYPLAudiobookDemoApp.app */,
			);
			name = Products;
			sourceTree = "<group>";
		};
		7BA55A4B20A3765800712CAC /* NYPLAudiobookDemoApp */ = {
			isa = PBXGroup;
			children = (
				7B159A6F20A37B8200BA5740 /* AppDelegate.swift */,
				7B159A7020A37B8200BA5740 /* Assets.xcassets */,
				7B159A7520A37B9400BA5740 /* ViewController.swift */,
				7B159A7A20A37BFE00BA5740 /* Main.storyboard */,
				7B159A7720A37BFA00BA5740 /* LaunchScreen.storyboard */,
				7B159A7120A37B8300BA5740 /* AudiobookController.swift */,
				7BA55A5820A3765A00712CAC /* Info.plist */,
				7B159A6E20A37B8100BA5740 /* NYPLAudiobookDemoApp-Bridging-Header.h */,
				7B5FC69720A4E87C0075BDC7 /* ObjCTest.h */,
				7B5FC69820A4E87C0075BDC7 /* ObjCTest.m */,
			);
			path = NYPLAudiobookDemoApp;
			sourceTree = "<group>";
		};
		7BA55A7720A3776E00712CAC /* Products */ = {
			isa = PBXGroup;
			children = (
				7BA55A7B20A3776E00712CAC /* NYPLAEToolkit.framework */,
			);
			name = Products;
			sourceTree = "<group>";
		};
		7BA55A7D20A3777400712CAC /* Products */ = {
			isa = PBXGroup;
			children = (
				7BA55A8520A3777400712CAC /* NYPLAudiobookToolkit.framework */,
				7BA55A8720A3777400712CAC /* NYPLAudiobookToolkitTests.xctest */,
				7BA55A8920A3777400712CAC /* NYPLAudiobookToolkitDemoApp.app */,
				7BA55A8B20A3777400712CAC /* NYPLAudiobookToolkitDemoAppTests.xctest */,
				7BA55A8D20A3777400712CAC /* NYPLAudiobookToolkitDemoAppUITests.xctest */,
			);
			name = Products;
			sourceTree = "<group>";
		};
/* End PBXGroup section */

/* Begin PBXNativeTarget section */
		7BA55A4820A3765800712CAC /* NYPLAudiobookDemoApp */ = {
			isa = PBXNativeTarget;
			buildConfigurationList = 7BA55A5B20A3765A00712CAC /* Build configuration list for PBXNativeTarget "NYPLAudiobookDemoApp" */;
			buildPhases = (
				7BA55A4520A3765800712CAC /* Sources */,
				7BA55A4620A3765800712CAC /* Frameworks */,
				7BA55A4720A3765800712CAC /* Resources */,
				7BA55A9620A377E700712CAC /* Embed Frameworks */,
			);
			buildRules = (
			);
			dependencies = (
				7BA55A9120A377D100712CAC /* PBXTargetDependency */,
				7BA55A8F20A377CD00712CAC /* PBXTargetDependency */,
				7BA55A9520A377E600712CAC /* PBXTargetDependency */,
				7BA55A9A20A377ED00712CAC /* PBXTargetDependency */,
			);
			name = NYPLAudiobookDemoApp;
			productName = NYPLAudiobookDemoApp;
			productReference = 7BA55A4920A3765800712CAC /* NYPLAudiobookDemoApp.app */;
			productType = "com.apple.product-type.application";
		};
/* End PBXNativeTarget section */

/* Begin PBXProject section */
		7BA55A4120A3765800712CAC /* Project object */ = {
			isa = PBXProject;
			attributes = {
				LastSwiftUpdateCheck = 0930;
				LastUpgradeCheck = 0930;
				ORGANIZATIONNAME = "Dean Silfen";
				TargetAttributes = {
					7BA55A4820A3765800712CAC = {
						CreatedOnToolsVersion = 9.3;
						LastSwiftMigration = 0930;
						SystemCapabilities = {
							com.apple.BackgroundModes = {
								enabled = 1;
							};
						};
					};
				};
			};
			buildConfigurationList = 7BA55A4420A3765800712CAC /* Build configuration list for PBXProject "NYPLAudiobookDemoApp" */;
			compatibilityVersion = "Xcode 9.3";
			developmentRegion = en;
			hasScannedForEncodings = 0;
			knownRegions = (
				en,
				Base,
			);
			mainGroup = 7BA55A4020A3765800712CAC;
			productRefGroup = 7BA55A4A20A3765800712CAC /* Products */;
			projectDirPath = "";
			projectReferences = (
				{
					ProductGroup = 7BA55A7720A3776E00712CAC /* Products */;
					ProjectRef = 7BA55A7620A3776E00712CAC /* NYPLAEToolkit.xcodeproj */;
				},
				{
					ProductGroup = 7BA55A7D20A3777400712CAC /* Products */;
					ProjectRef = 7BA55A7C20A3777400712CAC /* NYPLAudiobookToolkit.xcodeproj */;
				},
			);
			projectRoot = "";
			targets = (
				7BA55A4820A3765800712CAC /* NYPLAudiobookDemoApp */,
			);
		};
/* End PBXProject section */

/* Begin PBXReferenceProxy section */
		7BA55A7B20A3776E00712CAC /* NYPLAEToolkit.framework */ = {
			isa = PBXReferenceProxy;
			fileType = wrapper.framework;
			path = NYPLAEToolkit.framework;
			remoteRef = 7BA55A7A20A3776E00712CAC /* PBXContainerItemProxy */;
			sourceTree = BUILT_PRODUCTS_DIR;
		};
		7BA55A8520A3777400712CAC /* NYPLAudiobookToolkit.framework */ = {
			isa = PBXReferenceProxy;
			fileType = wrapper.framework;
			path = NYPLAudiobookToolkit.framework;
			remoteRef = 7BA55A8420A3777400712CAC /* PBXContainerItemProxy */;
			sourceTree = BUILT_PRODUCTS_DIR;
		};
		7BA55A8720A3777400712CAC /* NYPLAudiobookToolkitTests.xctest */ = {
			isa = PBXReferenceProxy;
			fileType = wrapper.cfbundle;
			path = NYPLAudiobookToolkitTests.xctest;
			remoteRef = 7BA55A8620A3777400712CAC /* PBXContainerItemProxy */;
			sourceTree = BUILT_PRODUCTS_DIR;
		};
		7BA55A8920A3777400712CAC /* NYPLAudiobookToolkitDemoApp.app */ = {
			isa = PBXReferenceProxy;
			fileType = wrapper.application;
			path = NYPLAudiobookToolkitDemoApp.app;
			remoteRef = 7BA55A8820A3777400712CAC /* PBXContainerItemProxy */;
			sourceTree = BUILT_PRODUCTS_DIR;
		};
		7BA55A8B20A3777400712CAC /* NYPLAudiobookToolkitDemoAppTests.xctest */ = {
			isa = PBXReferenceProxy;
			fileType = wrapper.cfbundle;
			path = NYPLAudiobookToolkitDemoAppTests.xctest;
			remoteRef = 7BA55A8A20A3777400712CAC /* PBXContainerItemProxy */;
			sourceTree = BUILT_PRODUCTS_DIR;
		};
		7BA55A8D20A3777400712CAC /* NYPLAudiobookToolkitDemoAppUITests.xctest */ = {
			isa = PBXReferenceProxy;
			fileType = wrapper.cfbundle;
			path = NYPLAudiobookToolkitDemoAppUITests.xctest;
			remoteRef = 7BA55A8C20A3777400712CAC /* PBXContainerItemProxy */;
			sourceTree = BUILT_PRODUCTS_DIR;
		};
/* End PBXReferenceProxy section */

/* Begin PBXResourcesBuildPhase section */
		7BA55A4720A3765800712CAC /* Resources */ = {
			isa = PBXResourcesBuildPhase;
			buildActionMask = 2147483647;
			files = (
				7B159A7C20A37BFF00BA5740 /* Main.storyboard in Resources */,
				7B159A7320A37B8300BA5740 /* Assets.xcassets in Resources */,
				7B159A7920A37BFA00BA5740 /* LaunchScreen.storyboard in Resources */,
			);
			runOnlyForDeploymentPostprocessing = 0;
		};
/* End PBXResourcesBuildPhase section */

/* Begin PBXSourcesBuildPhase section */
		7BA55A4520A3765800712CAC /* Sources */ = {
			isa = PBXSourcesBuildPhase;
			buildActionMask = 2147483647;
			files = (
				7B159A7620A37B9400BA5740 /* ViewController.swift in Sources */,
				7B159A7220A37B8300BA5740 /* AppDelegate.swift in Sources */,
				7B159A7420A37B8300BA5740 /* AudiobookController.swift in Sources */,
				7B5FC69920A4E87C0075BDC7 /* ObjCTest.m in Sources */,
			);
			runOnlyForDeploymentPostprocessing = 0;
		};
/* End PBXSourcesBuildPhase section */

/* Begin PBXTargetDependency section */
		7BA55A8F20A377CD00712CAC /* PBXTargetDependency */ = {
			isa = PBXTargetDependency;
			name = NYPLAudiobookToolkit;
			targetProxy = 7BA55A8E20A377CD00712CAC /* PBXContainerItemProxy */;
		};
		7BA55A9120A377D100712CAC /* PBXTargetDependency */ = {
			isa = PBXTargetDependency;
			name = NYPLAEToolkit;
			targetProxy = 7BA55A9020A377D100712CAC /* PBXContainerItemProxy */;
		};
		7BA55A9520A377E600712CAC /* PBXTargetDependency */ = {
			isa = PBXTargetDependency;
			name = NYPLAudiobookToolkit;
			targetProxy = 7BA55A9420A377E600712CAC /* PBXContainerItemProxy */;
		};
		7BA55A9A20A377ED00712CAC /* PBXTargetDependency */ = {
			isa = PBXTargetDependency;
			name = NYPLAEToolkit;
			targetProxy = 7BA55A9920A377ED00712CAC /* PBXContainerItemProxy */;
		};
/* End PBXTargetDependency section */

/* Begin PBXVariantGroup section */
		7B159A7720A37BFA00BA5740 /* LaunchScreen.storyboard */ = {
			isa = PBXVariantGroup;
			children = (
				7B159A7820A37BFA00BA5740 /* Base */,
			);
			name = LaunchScreen.storyboard;
			sourceTree = "<group>";
		};
		7B159A7A20A37BFE00BA5740 /* Main.storyboard */ = {
			isa = PBXVariantGroup;
			children = (
				7B159A7B20A37BFE00BA5740 /* Base */,
			);
			name = Main.storyboard;
			sourceTree = "<group>";
		};
/* End PBXVariantGroup section */

/* Begin XCBuildConfiguration section */
		7BA55A5920A3765A00712CAC /* Debug */ = {
			isa = XCBuildConfiguration;
			buildSettings = {
				ALWAYS_SEARCH_USER_PATHS = NO;
				CLANG_ANALYZER_NONNULL = YES;
				CLANG_ANALYZER_NUMBER_OBJECT_CONVERSION = YES_AGGRESSIVE;
				CLANG_CXX_LANGUAGE_STANDARD = "gnu++14";
				CLANG_CXX_LIBRARY = "libc++";
				CLANG_ENABLE_MODULES = YES;
				CLANG_ENABLE_OBJC_ARC = YES;
				CLANG_ENABLE_OBJC_WEAK = YES;
				CLANG_WARN_BLOCK_CAPTURE_AUTORELEASING = YES;
				CLANG_WARN_BOOL_CONVERSION = YES;
				CLANG_WARN_COMMA = YES;
				CLANG_WARN_CONSTANT_CONVERSION = YES;
				CLANG_WARN_DEPRECATED_OBJC_IMPLEMENTATIONS = YES;
				CLANG_WARN_DIRECT_OBJC_ISA_USAGE = YES_ERROR;
				CLANG_WARN_DOCUMENTATION_COMMENTS = YES;
				CLANG_WARN_EMPTY_BODY = YES;
				CLANG_WARN_ENUM_CONVERSION = YES;
				CLANG_WARN_INFINITE_RECURSION = YES;
				CLANG_WARN_INT_CONVERSION = YES;
				CLANG_WARN_NON_LITERAL_NULL_CONVERSION = YES;
				CLANG_WARN_OBJC_IMPLICIT_RETAIN_SELF = YES;
				CLANG_WARN_OBJC_LITERAL_CONVERSION = YES;
				CLANG_WARN_OBJC_ROOT_CLASS = YES_ERROR;
				CLANG_WARN_RANGE_LOOP_ANALYSIS = YES;
				CLANG_WARN_STRICT_PROTOTYPES = YES;
				CLANG_WARN_SUSPICIOUS_MOVE = YES;
				CLANG_WARN_UNGUARDED_AVAILABILITY = YES_AGGRESSIVE;
				CLANG_WARN_UNREACHABLE_CODE = YES;
				CLANG_WARN__DUPLICATE_METHOD_MATCH = YES;
				CODE_SIGN_IDENTITY = "iPhone Developer";
				COPY_PHASE_STRIP = NO;
				DEBUG_INFORMATION_FORMAT = dwarf;
				ENABLE_STRICT_OBJC_MSGSEND = YES;
				ENABLE_TESTABILITY = YES;
				GCC_C_LANGUAGE_STANDARD = gnu11;
				GCC_DYNAMIC_NO_PIC = NO;
				GCC_NO_COMMON_BLOCKS = YES;
				GCC_OPTIMIZATION_LEVEL = 0;
				GCC_PREPROCESSOR_DEFINITIONS = (
					"DEBUG=1",
					"$(inherited)",
				);
				GCC_WARN_64_TO_32_BIT_CONVERSION = YES;
				GCC_WARN_ABOUT_RETURN_TYPE = YES_ERROR;
				GCC_WARN_UNDECLARED_SELECTOR = YES;
				GCC_WARN_UNINITIALIZED_AUTOS = YES_AGGRESSIVE;
				GCC_WARN_UNUSED_FUNCTION = YES;
				GCC_WARN_UNUSED_VARIABLE = YES;
				IPHONEOS_DEPLOYMENT_TARGET = 11.3;
				MTL_ENABLE_DEBUG_INFO = YES;
				ONLY_ACTIVE_ARCH = YES;
				SDKROOT = iphoneos;
				SWIFT_ACTIVE_COMPILATION_CONDITIONS = DEBUG;
				SWIFT_OPTIMIZATION_LEVEL = "-Onone";
			};
			name = Debug;
		};
		7BA55A5A20A3765A00712CAC /* Release */ = {
			isa = XCBuildConfiguration;
			buildSettings = {
				ALWAYS_SEARCH_USER_PATHS = NO;
				CLANG_ANALYZER_NONNULL = YES;
				CLANG_ANALYZER_NUMBER_OBJECT_CONVERSION = YES_AGGRESSIVE;
				CLANG_CXX_LANGUAGE_STANDARD = "gnu++14";
				CLANG_CXX_LIBRARY = "libc++";
				CLANG_ENABLE_MODULES = YES;
				CLANG_ENABLE_OBJC_ARC = YES;
				CLANG_ENABLE_OBJC_WEAK = YES;
				CLANG_WARN_BLOCK_CAPTURE_AUTORELEASING = YES;
				CLANG_WARN_BOOL_CONVERSION = YES;
				CLANG_WARN_COMMA = YES;
				CLANG_WARN_CONSTANT_CONVERSION = YES;
				CLANG_WARN_DEPRECATED_OBJC_IMPLEMENTATIONS = YES;
				CLANG_WARN_DIRECT_OBJC_ISA_USAGE = YES_ERROR;
				CLANG_WARN_DOCUMENTATION_COMMENTS = YES;
				CLANG_WARN_EMPTY_BODY = YES;
				CLANG_WARN_ENUM_CONVERSION = YES;
				CLANG_WARN_INFINITE_RECURSION = YES;
				CLANG_WARN_INT_CONVERSION = YES;
				CLANG_WARN_NON_LITERAL_NULL_CONVERSION = YES;
				CLANG_WARN_OBJC_IMPLICIT_RETAIN_SELF = YES;
				CLANG_WARN_OBJC_LITERAL_CONVERSION = YES;
				CLANG_WARN_OBJC_ROOT_CLASS = YES_ERROR;
				CLANG_WARN_RANGE_LOOP_ANALYSIS = YES;
				CLANG_WARN_STRICT_PROTOTYPES = YES;
				CLANG_WARN_SUSPICIOUS_MOVE = YES;
				CLANG_WARN_UNGUARDED_AVAILABILITY = YES_AGGRESSIVE;
				CLANG_WARN_UNREACHABLE_CODE = YES;
				CLANG_WARN__DUPLICATE_METHOD_MATCH = YES;
				CODE_SIGN_IDENTITY = "iPhone Developer";
				COPY_PHASE_STRIP = NO;
				DEBUG_INFORMATION_FORMAT = "dwarf-with-dsym";
				ENABLE_NS_ASSERTIONS = NO;
				ENABLE_STRICT_OBJC_MSGSEND = YES;
				GCC_C_LANGUAGE_STANDARD = gnu11;
				GCC_NO_COMMON_BLOCKS = YES;
				GCC_WARN_64_TO_32_BIT_CONVERSION = YES;
				GCC_WARN_ABOUT_RETURN_TYPE = YES_ERROR;
				GCC_WARN_UNDECLARED_SELECTOR = YES;
				GCC_WARN_UNINITIALIZED_AUTOS = YES_AGGRESSIVE;
				GCC_WARN_UNUSED_FUNCTION = YES;
				GCC_WARN_UNUSED_VARIABLE = YES;
				IPHONEOS_DEPLOYMENT_TARGET = 11.3;
				MTL_ENABLE_DEBUG_INFO = NO;
				SDKROOT = iphoneos;
				SWIFT_COMPILATION_MODE = wholemodule;
				SWIFT_OPTIMIZATION_LEVEL = "-O";
				VALIDATE_PRODUCT = YES;
			};
			name = Release;
		};
		7BA55A5C20A3765A00712CAC /* Debug */ = {
			isa = XCBuildConfiguration;
			buildSettings = {
				ALWAYS_EMBED_SWIFT_STANDARD_LIBRARIES = YES;
				ASSETCATALOG_COMPILER_APPICON_NAME = AppIcon;
				CLANG_ENABLE_MODULES = YES;
				CODE_SIGN_STYLE = Automatic;
				DEVELOPMENT_TEAM = 7262U6ST2R;
				FRAMEWORK_SEARCH_PATHS = (
					"$(inherited)",
					"$(PROJECT_DIR)/NYPLAEToolkit/Carthage/Build/iOS",
				);
				INFOPLIST_FILE = NYPLAudiobookDemoApp/Info.plist;
				IPHONEOS_DEPLOYMENT_TARGET = 8.0;
				LD_RUNPATH_SEARCH_PATHS = (
					"$(inherited)",
					"@executable_path/Frameworks",
				);
				PRODUCT_BUNDLE_IDENTIFIER = org.nypl.NYPLAudiobookDemoApp;
				PRODUCT_NAME = "$(TARGET_NAME)";
				SWIFT_OBJC_BRIDGING_HEADER = "NYPLAudiobookDemoApp/NYPLAudiobookDemoApp-Bridging-Header.h";
				SWIFT_OPTIMIZATION_LEVEL = "-Onone";
				SWIFT_VERSION = 4.0;
				TARGETED_DEVICE_FAMILY = "1,2";
			};
			name = Debug;
		};
		7BA55A5D20A3765A00712CAC /* Release */ = {
			isa = XCBuildConfiguration;
			buildSettings = {
				ALWAYS_EMBED_SWIFT_STANDARD_LIBRARIES = YES;
				ASSETCATALOG_COMPILER_APPICON_NAME = AppIcon;
				CLANG_ENABLE_MODULES = YES;
				CODE_SIGN_STYLE = Automatic;
				DEVELOPMENT_TEAM = 7262U6ST2R;
				FRAMEWORK_SEARCH_PATHS = (
					"$(inherited)",
					"$(PROJECT_DIR)/NYPLAEToolkit/Carthage/Build/iOS",
				);
				INFOPLIST_FILE = NYPLAudiobookDemoApp/Info.plist;
				IPHONEOS_DEPLOYMENT_TARGET = 8.0;
				LD_RUNPATH_SEARCH_PATHS = (
					"$(inherited)",
					"@executable_path/Frameworks",
				);
				PRODUCT_BUNDLE_IDENTIFIER = org.nypl.NYPLAudiobookDemoApp;
				PRODUCT_NAME = "$(TARGET_NAME)";
				SWIFT_OBJC_BRIDGING_HEADER = "NYPLAudiobookDemoApp/NYPLAudiobookDemoApp-Bridging-Header.h";
				SWIFT_VERSION = 4.0;
				TARGETED_DEVICE_FAMILY = "1,2";
			};
			name = Release;
		};
/* End XCBuildConfiguration section */

/* Begin XCConfigurationList section */
		7BA55A4420A3765800712CAC /* Build configuration list for PBXProject "NYPLAudiobookDemoApp" */ = {
			isa = XCConfigurationList;
			buildConfigurations = (
				7BA55A5920A3765A00712CAC /* Debug */,
				7BA55A5A20A3765A00712CAC /* Release */,
			);
			defaultConfigurationIsVisible = 0;
			defaultConfigurationName = Release;
		};
		7BA55A5B20A3765A00712CAC /* Build configuration list for PBXNativeTarget "NYPLAudiobookDemoApp" */ = {
			isa = XCConfigurationList;
			buildConfigurations = (
				7BA55A5C20A3765A00712CAC /* Debug */,
				7BA55A5D20A3765A00712CAC /* Release */,
			);
			defaultConfigurationIsVisible = 0;
			defaultConfigurationName = Release;
		};
/* End XCConfigurationList section */
	};
	rootObject = 7BA55A4120A3765800712CAC /* Project object */;
}
